
Microsoft Visual Studio Solution File, Format Version 12.00
# Visual Studio Version 17
VisualStudioVersion = 17.11.35312.102
MinimumVisualStudioVersion = 10.0.40219.1
Project("{FAE04EC0-301F-11D3-BF4B-00C04F79EFBC}") = "depositoBD", "depositoBD\depositoBD.csproj", "{173F21F2-91D1-4951-8C3B-3277A354C475}"
EndProject
Global
	GlobalSection(SolutionConfigurationPlatforms) = preSolution
		Debug|Any CPU = Debug|Any CPU
		Release|Any CPU = Release|Any CPU
	EndGlobalSection
	GlobalSection(ProjectConfigurationPlatforms) = postSolution
		{173F21F2-91D1-4951-8C3B-3277A354C475}.Debug|Any CPU.ActiveCfg = Debug|Any CPU
		{173F21F2-91D1-4951-8C3B-3277A354C475}.Debug|Any CPU.Build.0 = Debug|Any CPU
		{173F21F2-91D1-4951-8C3B-3277A354C475}.Release|Any CPU.ActiveCfg = Release|Any CPU
		{173F21F2-91D1-4951-8C3B-3277A354C475}.Release|Any CPU.Build.0 = Release|Any CPU
	EndGlobalSection
	GlobalSection(SolutionProperties) = preSolution
		HideSolutionNode = FALSE
	EndGlobalSection
	GlobalSection(ExtensibilityGlobals) = postSolution
		SolutionGuid = {CC85D92F-AD46-4048-B81B-7450F6129812}
	EndGlobalSection
EndGlobal
